
Microsoft Visual Studio Solution File, Format Version 12.00
# Visual Studio Version 17
VisualStudioVersion = 17.0.32014.148
MinimumVisualStudioVersion = 10.0.40219.1
Project("{9A19103F-16F7-4668-BE54-9A1E7A4F7556}") = "Data", "Data\Data.csproj", "{63D231B7-11EB-4F81-9F92-4FB45649EC5C}"
EndProject
Project("{9A19103F-16F7-4668-BE54-9A1E7A4F7556}") = "Import", "Import\Import.csproj", "{80BB9273-2BDF-4074-A23B-32BF60E51E95}"
EndProject
Project("{9A19103F-16F7-4668-BE54-9A1E7A4F7556}") = "Domain", "Domain\Domain.csproj", "{5CC1CFDB-E30E-48A6-803C-57415D37623F}"
EndProject
Project("{9A19103F-16F7-4668-BE54-9A1E7A4F7556}") = "Api", "Api\Api.csproj", "{2DD0B6B7-8527-452C-BED4-C6F3DAB26D4F}"
EndProject
Global
	GlobalSection(SolutionConfigurationPlatforms) = preSolution
		Debug|Any CPU = Debug|Any CPU
		Release|Any CPU = Release|Any CPU
	EndGlobalSection
	GlobalSection(ProjectConfigurationPlatforms) = postSolution
		{63D231B7-11EB-4F81-9F92-4FB45649EC5C}.Debug|Any CPU.ActiveCfg = Debug|Any CPU
		{63D231B7-11EB-4F81-9F92-4FB45649EC5C}.Debug|Any CPU.Build.0 = Debug|Any CPU
		{63D231B7-11EB-4F81-9F92-4FB45649EC5C}.Release|Any CPU.ActiveCfg = Release|Any CPU
		{63D231B7-11EB-4F81-9F92-4FB45649EC5C}.Release|Any CPU.Build.0 = Release|Any CPU
		{80BB9273-2BDF-4074-A23B-32BF60E51E95}.Debug|Any CPU.ActiveCfg = Debug|Any CPU
		{80BB9273-2BDF-4074-A23B-32BF60E51E95}.Debug|Any CPU.Build.0 = Debug|Any CPU
		{80BB9273-2BDF-4074-A23B-32BF60E51E95}.Release|Any CPU.ActiveCfg = Release|Any CPU
		{80BB9273-2BDF-4074-A23B-32BF60E51E95}.Release|Any CPU.Build.0 = Release|Any CPU
		{5CC1CFDB-E30E-48A6-803C-57415D37623F}.Debug|Any CPU.ActiveCfg = Debug|Any CPU
		{5CC1CFDB-E30E-48A6-803C-57415D37623F}.Debug|Any CPU.Build.0 = Debug|Any CPU
		{5CC1CFDB-E30E-48A6-803C-57415D37623F}.Release|Any CPU.ActiveCfg = Release|Any CPU
		{5CC1CFDB-E30E-48A6-803C-57415D37623F}.Release|Any CPU.Build.0 = Release|Any CPU
		{2DD0B6B7-8527-452C-BED4-C6F3DAB26D4F}.Debug|Any CPU.ActiveCfg = Debug|Any CPU
		{2DD0B6B7-8527-452C-BED4-C6F3DAB26D4F}.Debug|Any CPU.Build.0 = Debug|Any CPU
		{2DD0B6B7-8527-452C-BED4-C6F3DAB26D4F}.Release|Any CPU.ActiveCfg = Release|Any CPU
		{2DD0B6B7-8527-452C-BED4-C6F3DAB26D4F}.Release|Any CPU.Build.0 = Release|Any CPU
	EndGlobalSection
	GlobalSection(SolutionProperties) = preSolution
		HideSolutionNode = FALSE
	EndGlobalSection
	GlobalSection(ExtensibilityGlobals) = postSolution
		SolutionGuid = {95E711D1-5FF8-4EEF-B098-78FE82EFB45B}
	EndGlobalSection
EndGlobal
