
Microsoft Visual Studio Solution File, Format Version 12.00
# Visual Studio Version 17
VisualStudioVersion = 17.6.33723.286
MinimumVisualStudioVersion = 10.0.40219.1
Project("{9A19103F-16F7-4668-BE54-9A1E7A4F7556}") = "ScotlandsMountains.Import.ConsoleApp", "ScotlandsMountains.Import.ConsoleApp\ScotlandsMountains.Import.ConsoleApp.csproj", "{A779E427-B9DD-42F6-B630-44E2A38DDEEF}"
EndProject
Project("{9A19103F-16F7-4668-BE54-9A1E7A4F7556}") = "ScotlandsMountains.Data", "ScotlandsMountains.Data\ScotlandsMountains.Data.csproj", "{58FEBD9A-E221-43EE-A069-8713DA7C7B63}"
EndProject
Project("{2150E333-8FDC-42A3-9474-1A3956D46DE8}") = "Files", "Files", "{495222ED-A832-4B03-94E3-FE0422E20C9C}"
EndProject
Global
	GlobalSection(SolutionConfigurationPlatforms) = preSolution
		Debug|Any CPU = Debug|Any CPU
		Release|Any CPU = Release|Any CPU
	EndGlobalSection
	GlobalSection(ProjectConfigurationPlatforms) = postSolution
		{A779E427-B9DD-42F6-B630-44E2A38DDEEF}.Debug|Any CPU.ActiveCfg = Debug|Any CPU
		{A779E427-B9DD-42F6-B630-44E2A38DDEEF}.Debug|Any CPU.Build.0 = Debug|Any CPU
		{A779E427-B9DD-42F6-B630-44E2A38DDEEF}.Release|Any CPU.ActiveCfg = Release|Any CPU
		{A779E427-B9DD-42F6-B630-44E2A38DDEEF}.Release|Any CPU.Build.0 = Release|Any CPU
		{58FEBD9A-E221-43EE-A069-8713DA7C7B63}.Debug|Any CPU.ActiveCfg = Debug|Any CPU
		{58FEBD9A-E221-43EE-A069-8713DA7C7B63}.Debug|Any CPU.Build.0 = Debug|Any CPU
		{58FEBD9A-E221-43EE-A069-8713DA7C7B63}.Release|Any CPU.ActiveCfg = Release|Any CPU
		{58FEBD9A-E221-43EE-A069-8713DA7C7B63}.Release|Any CPU.Build.0 = Release|Any CPU
	EndGlobalSection
	GlobalSection(SolutionProperties) = preSolution
		HideSolutionNode = FALSE
	EndGlobalSection
	GlobalSection(ExtensibilityGlobals) = postSolution
		SolutionGuid = {5084B713-55AA-4823-8BA5-7A6A130EEDA7}
	EndGlobalSection
EndGlobal
